
Microsoft Visual Studio Solution File, Format Version 12.00
# Visual Studio Version 17
VisualStudioVersion = 17.11.35219.272
MinimumVisualStudioVersion = 10.0.40219.1
Project("{FAE04EC0-301F-11D3-BF4B-00C04F79EFBC}") = "AuthAPI", "AuthAPI\AuthAPI.csproj", "{B95DD594-CFAF-4509-8152-3EE749CFBF27}"
EndProject
Global
	GlobalSection(SolutionConfigurationPlatforms) = preSolution
		Debug|Any CPU = Debug|Any CPU
		Release|Any CPU = Release|Any CPU
	EndGlobalSection
	GlobalSection(ProjectConfigurationPlatforms) = postSolution
		{B95DD594-CFAF-4509-8152-3EE749CFBF27}.Debug|Any CPU.ActiveCfg = Debug|Any CPU
		{B95DD594-CFAF-4509-8152-3EE749CFBF27}.Debug|Any CPU.Build.0 = Debug|Any CPU
		{B95DD594-CFAF-4509-8152-3EE749CFBF27}.Release|Any CPU.ActiveCfg = Release|Any CPU
		{B95DD594-CFAF-4509-8152-3EE749CFBF27}.Release|Any CPU.Build.0 = Release|Any CPU
	EndGlobalSection
	GlobalSection(SolutionProperties) = preSolution
		HideSolutionNode = FALSE
	EndGlobalSection
	GlobalSection(ExtensibilityGlobals) = postSolution
		SolutionGuid = {05E40789-2C6B-4A9D-B40D-7443D13A7E5F}
	EndGlobalSection
EndGlobal
